{
  "version": 4,
  "terraform_version": "1.1.7",
  "serial": 148,
  "lineage": "ba0df146-92cf-ca04-c850-16d918118d32",
  "outputs": {
    "vsubid": {
      "value": "/subscriptions/a3d75c10-c135-4e6b-8f4e-f22711d010ef/resourceGroups/satyaRGNew/providers/Microsoft.Network/virtualNetworks/satyavnet/subnets/satyasubnet",
      "type": "string"
    }
  },
  "resources": [
    {
      "module": "module.configuration1",
      "mode": "managed",
      "type": "azurerm_network_interface",
      "name": "nic",
      "provider": "provider[\"registry.terraform.io/hashicorp/azurerm\"]",
      "instances": []
    },
    {
      "module": "module.configuration2",
      "mode": "managed",
      "type": "azurerm_resource_group",
      "name": "anji",
      "provider": "provider[\"registry.terraform.io/hashicorp/azurerm\"]",
      "instances": [
        {
          "schema_version": 0,
          "attributes": {
            "id": "/subscriptions/a3d75c10-c135-4e6b-8f4e-f22711d010ef/resourceGroups/satyaRGNew",
            "location": "eastus",
            "name": "satyaRGNew",
            "tags": {},
            "timeouts": null
          },
          "sensitive_attributes": [],
          "private": "eyJlMmJmYjczMC1lY2FhLTExZTYtOGY4OC0zNDM2M2JjN2M0YzAiOnsiY3JlYXRlIjo1NDAwMDAwMDAwMDAwLCJkZWxldGUiOjU0MDAwMDAwMDAwMDAsInJlYWQiOjMwMDAwMDAwMDAwMCwidXBkYXRlIjo1NDAwMDAwMDAwMDAwfX0="
        }
      ]
    },
    {
      "module": "module.configuration3",
      "mode": "managed",
      "type": "azurerm_windows_virtual_machine",
      "name": "vmcount",
      "provider": "provider[\"registry.terraform.io/hashicorp/azurerm\"]",
      "instances": []
    },
    {
      "module": "module.configuration4",
      "mode": "managed",
      "type": "azurerm_subnet",
      "name": "vsub",
      "provider": "provider[\"registry.terraform.io/hashicorp/azurerm\"]",
      "instances": [
        {
          "schema_version": 0,
          "attributes": {
            "address_prefixes": [
              "172.162.2.0/24"
            ],
            "delegation": [],
            "enforce_private_link_endpoint_network_policies": false,
            "enforce_private_link_service_network_policies": false,
            "id": "/subscriptions/a3d75c10-c135-4e6b-8f4e-f22711d010ef/resourceGroups/satyaRGNew/providers/Microsoft.Network/virtualNetworks/satyavnet/subnets/satyasubnet",
            "name": "satyasubnet",
            "resource_group_name": "satyaRGNew",
            "service_endpoint_policy_ids": [],
            "service_endpoints": [],
            "timeouts": null,
            "virtual_network_name": "satyavnet"
          },
          "sensitive_attributes": [],
          "private": "eyJlMmJmYjczMC1lY2FhLTExZTYtOGY4OC0zNDM2M2JjN2M0YzAiOnsiY3JlYXRlIjoxODAwMDAwMDAwMDAwLCJkZWxldGUiOjE4MDAwMDAwMDAwMDAsInJlYWQiOjMwMDAwMDAwMDAwMCwidXBkYXRlIjoxODAwMDAwMDAwMDAwfX0=",
          "dependencies": [
            "module.configuration2.azurerm_resource_group.anji",
            "module.configuration4.azurerm_virtual_network.vnet"
          ]
        }
      ]
    },
    {
      "module": "module.configuration4",
      "mode": "managed",
      "type": "azurerm_virtual_network",
      "name": "vnet",
      "provider": "provider[\"registry.terraform.io/hashicorp/azurerm\"]",
      "instances": [
        {
          "schema_version": 0,
          "attributes": {
            "address_space": [
              "172.162.0.0/16"
            ],
            "bgp_community": "",
            "ddos_protection_plan": [],
            "dns_servers": [],
            "edge_zone": "",
            "flow_timeout_in_minutes": 0,
            "guid": "31624be2-2f8d-46bb-95e7-06f11a86a43e",
            "id": "/subscriptions/a3d75c10-c135-4e6b-8f4e-f22711d010ef/resourceGroups/satyaRGNew/providers/Microsoft.Network/virtualNetworks/satyavnet",
            "location": "eastus",
            "name": "satyavnet",
            "resource_group_name": "satyaRGNew",
            "subnet": [
              {
                "address_prefix": "172.162.2.0/24",
                "id": "/subscriptions/a3d75c10-c135-4e6b-8f4e-f22711d010ef/resourceGroups/satyaRGNew/providers/Microsoft.Network/virtualNetworks/satyavnet/subnets/satyasubnet",
                "name": "satyasubnet",
                "security_group": "/subscriptions/a3d75c10-c135-4e6b-8f4e-f22711d010ef/resourceGroups/satyaRGNew/providers/Microsoft.Network/networkSecurityGroups/Test_security_group"
              }
            ],
            "tags": {},
            "timeouts": null
          },
          "sensitive_attributes": [],
          "private": "eyJlMmJmYjczMC1lY2FhLTExZTYtOGY4OC0zNDM2M2JjN2M0YzAiOnsiY3JlYXRlIjoxODAwMDAwMDAwMDAwLCJkZWxldGUiOjE4MDAwMDAwMDAwMDAsInJlYWQiOjMwMDAwMDAwMDAwMCwidXBkYXRlIjoxODAwMDAwMDAwMDAwfX0=",
          "dependencies": [
            "module.configuration2.azurerm_resource_group.anji"
          ]
        }
      ]
    },
    {
      "module": "module.configuration5",
      "mode": "managed",
      "type": "azurerm_network_security_group",
      "name": "anji_security",
      "provider": "provider[\"registry.terraform.io/hashicorp/azurerm\"]",
      "instances": [
        {
          "schema_version": 0,
          "attributes": {
            "id": "/subscriptions/a3d75c10-c135-4e6b-8f4e-f22711d010ef/resourceGroups/satyaRGNew/providers/Microsoft.Network/networkSecurityGroups/Test_security_group",
            "location": "eastus",
            "name": "Test_security_group",
            "resource_group_name": "satyaRGNew",
            "security_rule": [
              {
                "access": "Allow",
                "description": "",
                "destination_address_prefix": "*",
                "destination_address_prefixes": [],
                "destination_application_security_group_ids": [],
                "destination_port_range": "*",
                "destination_port_ranges": [],
                "direction": "Inbound",
                "name": "Test_security_rule",
                "priority": 100,
                "protocol": "Tcp",
                "source_address_prefix": "*",
                "source_address_prefixes": [],
                "source_application_security_group_ids": [],
                "source_port_range": "*",
                "source_port_ranges": []
              }
            ],
            "tags": {},
            "timeouts": null
          },
          "sensitive_attributes": [],
          "private": "eyJlMmJmYjczMC1lY2FhLTExZTYtOGY4OC0zNDM2M2JjN2M0YzAiOnsiY3JlYXRlIjoxODAwMDAwMDAwMDAwLCJkZWxldGUiOjE4MDAwMDAwMDAwMDAsInJlYWQiOjMwMDAwMDAwMDAwMCwidXBkYXRlIjoxODAwMDAwMDAwMDAwfX0=",
          "dependencies": [
            "module.configuration2.azurerm_resource_group.anji"
          ]
        }
      ]
    },
    {
      "module": "module.configuration5",
      "mode": "managed",
      "type": "azurerm_subnet_network_security_group_association",
      "name": "anji_security",
      "provider": "provider[\"registry.terraform.io/hashicorp/azurerm\"]",
      "instances": [
        {
          "schema_version": 0,
          "attributes": {
            "id": "/subscriptions/a3d75c10-c135-4e6b-8f4e-f22711d010ef/resourceGroups/satyaRGNew/providers/Microsoft.Network/virtualNetworks/satyavnet/subnets/satyasubnet",
            "network_security_group_id": "/subscriptions/a3d75c10-c135-4e6b-8f4e-f22711d010ef/resourceGroups/satyaRGNew/providers/Microsoft.Network/networkSecurityGroups/Test_security_group",
            "subnet_id": "/subscriptions/a3d75c10-c135-4e6b-8f4e-f22711d010ef/resourceGroups/satyaRGNew/providers/Microsoft.Network/virtualNetworks/satyavnet/subnets/satyasubnet",
            "timeouts": null
          },
          "sensitive_attributes": [],
          "private": "eyJlMmJmYjczMC1lY2FhLTExZTYtOGY4OC0zNDM2M2JjN2M0YzAiOnsiY3JlYXRlIjoxODAwMDAwMDAwMDAwLCJkZWxldGUiOjE4MDAwMDAwMDAwMDAsInJlYWQiOjMwMDAwMDAwMDAwMCwidXBkYXRlIjoxODAwMDAwMDAwMDAwfX0=",
          "dependencies": [
            "module.configuration2.azurerm_resource_group.anji",
            "module.configuration4.azurerm_subnet.vsub",
            "module.configuration4.azurerm_virtual_network.vnet",
            "module.configuration5.azurerm_network_security_group.anji_security"
          ]
        }
      ]
    }
  ]
}
